github.com/AndreasBriese/bbloom v0.0.0-20180913140656-343706a395b7 h1:PqzgE6kAMi81xWQA2QIVxjWkFHptGgC547vchpUbtFo=
github.com/AndreasBriese/bbloom v0.0.0-20180913140656-343706a395b7/go.mod h1:bOvUY6CB00SOBii9/FifXqc0awNKxLFCL/+pkDPuyl8=
github.com/ajg/form v0.0.0-20160822230020-523a5da1a92f h1:zvClvFQwU++UpIUBGC8YmDlfhUrweEy1R1Fj1gu5iIM=
github.com/ajg/form v0.0.0-20160822230020-523a5da1a92f/go.mod h1:uL1WgH+h2mgNtvBq0339dVnzXdBETtL2LeUXaIv25UY=
github.com/davecgh/go-spew v1.1.1 h1:vj9j/u1bqnvCEfJOwUhtlOARqs3+rkHYY13jYWTU97c=
github.com/davecgh/go-spew v1.1.1/go.mod h1:J7Y8YcW2NihsgmVo/mv3lAwl/skON4iLHjSsI+c5H38=
github.com/dgraph-io/badger v1.5.4 h1:gVTrpUTbbr/T24uvoCaqY2KSHfNLVGm0w+hbee2HMeg=
github.com/dgraph-io/badger v1.5.4/go.mod h1:VZxzAIRPHRVNRKRo6AXrX9BJegn6il06VMTZVJYCIjQ=
github.com/dgryski/go-farm v0.0.0-20180109070241-2de33835d102 h1:afESQBXJEnj3fu+34X//E8Wg3nEbMJxJkwSc0tPePK0=
github.com/dgryski/go-farm v0.0.0-20180109070241-2de33835d102/go.mod h1:SqUrOPUnsFjfmXRMNPybcSiG0BgUW2AuFH8PAnS2iTw=
github.com/etcd-io/bbolt v1.3.0 h1:ec0U3x11Mk69A8YwQyZEhNaUqHkQSv2gDR3Bioz5DfU=
github.com/etcd-io/bbolt v1.3.0/go.mod h1:ZF2nL25h33cCyBtcyWeZ2/I3HQOfTP+0PIEvHjkjCrw=
github.com/fatih/structs v1.1.0 h1:Q7juDM0QtcnhCpeyLGQKyg4TOIghuNXrkL32pHAUMxo=
github.com/fatih/structs v1.1.0/go.mod h1:9NiDSp5zOcgEDl+j00MP/WkGVPOlPRLejGD8Ga6PJ7M=
github.com/gavv/monotime v0.0.0-20171021193802-6f8212e8d10d h1:oYXrtNhqNKL1dVtKdv8XUq5zqdGVFNQ0/4tvccXZOLM=
github.com/gavv/monotime v0.0.0-20171021193802-6f8212e8d10d/go.mod h1:vmp8DIyckQMXOPl0AQVHt+7n5h7Gb7hS6CUydiV8QeA=
github.com/golang/protobuf v1.2.0 h1:P3YflyNX/ehuJFLhxviNdFxQPkGK5cDcApsge1SqnvM=
github.com/golang/protobuf v1.2.0/go.mod h1:6lQm79b+lXiMfvg/cZm0SGofjICqVBUtrP5yJMmIC1U=
github.com/gomodule/redigo v2.0.0+incompatible h1:K/R+8tc58AaqLkqG2Ol3Qk+DR/TlNuhuh457pBFPtt0=
github.com/gomodule/redigo v2.0.0+incompatible/go.mod h1:B4C85qUVwatsJoIUNIfCRsp7qO0iAmpGFZ4EELWSbC4=
github.com/google/go-querystring v1.0.0 h1:Xkwi/a1rcvNg1PPYe5vI8GbeBY/jrVuDX5ASuANWTrk=
github.com/google/go-querystring v1.0.0/go.mod h1:odCYkC5MyYFN7vkCjXpyrEuKhc/BUO6wN/zVPAxq5ck=
github.com/gorilla/securecookie v1.1.1 h1:miw7JPhV+b/lAHSXz4qd/nN9jRiAFV5FwjeKyCS8BvQ=
github.com/gorilla/securecookie v1.1.1/go.mod h1:ra0sb63/xPlUeL+yeDciTfxMRAA+MP+HVt/4epWDjd4=
github.com/imkira/go-interpol v1.1.0 h1:KIiKr0VSG2CUW1hl1jpiyuzuJeKUUpC8iM1AIE7N1Vk=
github.com/imkira/go-interpol v1.1.0/go.mod h1:z0h2/2T3XF8kyEPpRgJ3kmNv+C43p+I/CoI+jC3w2iA=
github.com/iris-contrib/go.uuid v2.0.0+incompatible h1:XZubAYg61/JwnJNbZilGjf3b3pB80+OQg2qf6c8BfWE=
github.com/iris-contrib/go.uuid v2.0.0+incompatible/go.mod h1:iz2lgM/1UnEf1kP0L/+fafWORmlnuysV2EMP8MW+qe0=
github.com/iris-contrib/httpexpect v0.0.0-20180314041918-ebe99fcebbce h1:q8Ka/exfHNgK7izJE+aUOZd7KZXJ7oQbnJWiZakEiMo=
github.com/iris-contrib/httpexpect v0.0.0-20180314041918-ebe99fcebbce/go.mod h1:VER17o2JZqquOx41avolD/wMGQSFEFBKWmhag9/RQRY=
github.com/klauspost/compress v1.4.0 h1:8nsMz3tWa9SWWPL60G1V6CUsf4lLjWLTNEtibhe8gh8=
github.com/klauspost/compress v1.4.0/go.mod h1:RyIbtBH6LamlWaDj8nUwkbUhJ87Yi3uG0guNDohfE1A=
github.com/klauspost/cpuid v0.0.0-20180405133222-e7e905edc00e h1:+lIPJOWl+jSiJOc70QXJ07+2eg2Jy2EC7Mi11BWujeM=
github.com/klauspost/cpuid v0.0.0-20180405133222-e7e905edc00e/go.mod h1:Pj4uuM528wm8OyEC2QMXAi2YiTZ96dNQPGgoMS4s3ek=
github.com/moul/http2curl v0.0.0-20170919181001-9ac6cf4d929b h1:Pip12xNtMvEFUBF4f8/b5yRXj94LLrNdLWELfOr2KcY=
github.com/moul/http2curl v0.0.0-20170919181001-9ac6cf4d929b/go.mod h1:8UbvGypXm98wA/IqH45anm5Y2Z6ep6O31QGOAZ3H0fQ=
github.com/pkg/errors v0.8.0 h1:WdK/asTD0HN+q6hsWO3/vpuAkAr+tw6aNJNDFFf0+qw=
github.com/pkg/errors v0.8.0/go.mod h1:bwawxfHBFNV+L2hUp1rHADufV3IMtnDRdf1r5NINEl0=
github.com/pmezard/go-difflib v1.0.0 h1:4DBwDE0NGyQoBHbLQYPwSUPoCMWR5BEzIk/f1lZbAQM=
github.com/pmezard/go-difflib v1.0.0/go.mod h1:iKH77koFhYxTK1pcRnkKkqfTogsbg7gZNVY4sRDYZ/4=
github.com/sergi/go-diff v1.0.0 h1:Kpca3qRNrduNnOQeazBd0ysaKrUJiIuISHxogkT9RPQ=
github.com/sergi/go-diff v1.0.0/go.mod h1:0CfEIISq7TuYL3j771MWULgwwjU+GofnZX9QAmXWZgo=
github.com/stretchr/testify v1.2.2 h1:bSDNvY7ZPG5RlJ8otE/7V6gMiyenm9RtJ7IUVIAoJ1w=
github.com/stretchr/testify v1.2.2/go.mod h1:a8OnRcib4nhh0OaRAV+Yts87kKdq0PP7pXfy6kDkUVs=
github.com/valyala/bytebufferpool v1.0.0 h1:GqA5TC/0021Y/b9FG4Oi9Mr3q7XYx6KllzawFIhcdPw=
github.com/valyala/bytebufferpool v1.0.0/go.mod h1:6bBcMArwyJ5K/AmCkWv1jt77kVWyCJ6HpOuEn7z0Csc=
github.com/valyala/fasthttp v1.0.0 h1:BwIoZQbBsTo3v2F5lz5Oy3TlTq4wLKTLV260EVTEWco=
github.com/valyala/fasthttp v1.0.0/go.mod h1:4vX61m6KN+xDduDNwXrhIAVZaZaZiQ1luJk8LWSxF3s=
github.com/valyala/tcplisten v0.0.0-20161114210144-ceec8f93295a/go.mod h1:v3UYOV9WzVtRmSR+PDvWpU/qWl4Wa5LApYYX4ZtKbio=
github.com/xeipuuv/gojsonpointer v0.0.0-20180127040702-4e3ac2762d5f h1:J9EGpcZtP0E/raorCMxlFGSTBrsSlaDGf3jU/qvAE2c=
github.com/xeipuuv/gojsonpointer v0.0.0-20180127040702-4e3ac2762d5f/go.mod h1:N2zxlSyiKSe5eX1tZViRH5QA0qijqEDrYZiPEAiq3wU=
github.com/xeipuuv/gojsonreference v0.0.0-20180127040603-bd5ef7bd5415 h1:EzJWgHovont7NscjpAxXsDA8S8BMYve8Y5+7cuRE7R0=
github.com/xeipuuv/gojsonreference v0.0.0-20180127040603-bd5ef7bd5415/go.mod h1:GwrjFmJcFw6At/Gs6z4yjiIwzuJ1/+UwLxMQDVQXShQ=
github.com/xeipuuv/gojsonschema v0.0.0-20181016150526-f3a9dae5b194 h1:va8F6ctiwxAm980W2zwP4vfSFaKeYlqPo24rRvYjmdc=
github.com/xeipuuv/gojsonschema v0.0.0-20181016150526-f3a9dae5b194/go.mod h1:5yf86TLmAcydyeJq5YvxkGPE2fm/u4myDekKRoLuqhs=
github.com/yalp/jsonpath v0.0.0-20180802001716-5cc68e5049a0 h1:6fRhSjgLCkTD3JnJxvaJ4Sj+TYblw757bqYgZaOq5ZY=
github.com/yalp/jsonpath v0.0.0-20180802001716-5cc68e5049a0/go.mod h1:/LWChgwKmvncFJFHJ7Gvn9wZArjbV5/FppcK2fKk/tI=
github.com/yudai/gojsondiff v1.0.0 h1:27cbfqXLVEJ1o8I6v3y9lg8Ydm53EKqHXAOMxEGlCOA=
github.com/yudai/gojsondiff v1.0.0/go.mod h1:AY32+k2cwILAkW1fbgxQ5mUmMiZFgLIV+FBNExI05xg=
github.com/yudai/golcs v0.0.0-20170316035057-ecda9a501e82 h1:BHyfKlQyqbsFN5p3IfnEUduWvb9is428/nNb5L3U01M=
github.com/yudai/golcs v0.0.0-20170316035057-ecda9a501e82/go.mod h1:lgjkn3NuSvDfVJdfcVVdX+jpBxNmX4rDAzaS45IcYoM=
golang.org/x/net v0.0.0-20180911220305-26e67e76b6c3 h1:czFLhve3vsQetD6JOJ8NZZvGQIXlnN3/yXxbT6/awxI=
golang.org/x/net v0.0.0-20180911220305-26e67e76b6c3/go.mod h1:mL1N/T3taQHkDXs73rZJwtUhF3w3ftmwwsq0BUmARs4=
